
Microsoft Visual Studio Solution File, Format Version 12.00
# Visual Studio Version 17
VisualStudioVersion = 17.11.35219.272
MinimumVisualStudioVersion = 10.0.40219.1
Project("{2150E333-8FDC-42A3-9474-1A3956D46DE8}") = "Management", "Management", "{FA1E886B-571B-4D0E-88D9-CF145BEA593D}"
EndProject
Project("{2150E333-8FDC-42A3-9474-1A3956D46DE8}") = "OperatingSystem", "OperatingSystem", "{D59D8B6E-D541-4F08-82D4-5586CBD3302D}"
EndProject
Project("{2150E333-8FDC-42A3-9474-1A3956D46DE8}") = "Windows", "Windows", "{D266E5C0-832F-43DB-8FE7-D0F59ED17DE3}"
EndProject
Project("{2150E333-8FDC-42A3-9474-1A3956D46DE8}") = "EventRecorder", "EventRecorder", "{C41F3898-67C6-4052-BAE0-31CADFE967D9}"
EndProject
Project("{9A19103F-16F7-4668-BE54-9A1E7A4F7556}") = "InfinityOfficialNetwork.Management.OperatingSystem.Windows.EventRecorder.Core", "Management\OperatingSystem\Windows\EventRecorder\Core\InfinityOfficialNetwork.Management.OperatingSystem.Windows.EventRecorder.Core.csproj", "{C593BBE4-F79F-4AB7-962D-7B5DBCE6375E}"
EndProject
Project("{54435603-DBB4-11D2-8724-00A0C9A8B90C}") = "Setup", "Management\OperatingSystem\Windows\EventRecorder\Setup\Setup.vdproj", "{5698A5D5-CF49-49C0-8F70-30EF828A99EE}"
EndProject
Project("{2150E333-8FDC-42A3-9474-1A3956D46DE8}") = "Shared", "Shared", "{CB6F3276-B019-49DC-9B35-E5A8A8582B5E}"
EndProject
Project("{2150E333-8FDC-42A3-9474-1A3956D46DE8}") = "Multithreading", "Multithreading", "{2E286A32-ADF2-4FA7-BEB5-A9332CB04EA2}"
EndProject
Project("{9A19103F-16F7-4668-BE54-9A1E7A4F7556}") = "ThreadPool", "Shared\Multithreading\ThreadPool\ThreadPool.csproj", "{0F66B2FF-523A-4FFD-9931-2EE7AF489E1C}"
EndProject
Project("{2150E333-8FDC-42A3-9474-1A3956D46DE8}") = "Native", "Native", "{0460DB5F-9356-42C4-80A6-97F26FE5507D}"
EndProject
Project("{8BC9CEB8-8B4A-11D0-8D11-00A0C91BC942}") = "InfinityOfficialNetwork.Native.Core", "Native\Core\Core.vcxproj", "{61AF421F-6C46-419E-AC31-4036737E6C09}"
EndProject
Project("{2150E333-8FDC-42A3-9474-1A3956D46DE8}") = "Memory", "Memory", "{4455DD5C-FC00-4CB6-9736-893994C41267}"
EndProject
Project("{9A19103F-16F7-4668-BE54-9A1E7A4F7556}") = "Memory", "Shared\Memory\Memory.csproj", "{A9C6DBAA-34E7-4AF5-A90C-4A3DA39E82D5}"
EndProject
Project("{FAE04EC0-301F-11D3-BF4B-00C04F79EFBC}") = "MemoryTest", "MemoryTest\MemoryTest.csproj", "{61DAEC38-A2F3-49AB-A48B-5D99A6A456AA}"
EndProject
Global
	GlobalSection(SolutionConfigurationPlatforms) = preSolution
		Debug|Any CPU = Debug|Any CPU
		Debug|ARM = Debug|ARM
		Debug|ARM64 = Debug|ARM64
		Debug|x64 = Debug|x64
		Debug|x86 = Debug|x86
		Release|Any CPU = Release|Any CPU
		Release|ARM = Release|ARM
		Release|ARM64 = Release|ARM64
		Release|x64 = Release|x64
		Release|x86 = Release|x86
	EndGlobalSection
	GlobalSection(ProjectConfigurationPlatforms) = postSolution
		{C593BBE4-F79F-4AB7-962D-7B5DBCE6375E}.Debug|Any CPU.ActiveCfg = Debug|Any CPU
		{C593BBE4-F79F-4AB7-962D-7B5DBCE6375E}.Debug|Any CPU.Build.0 = Debug|Any CPU
		{C593BBE4-F79F-4AB7-962D-7B5DBCE6375E}.Debug|ARM.ActiveCfg = Debug|Any CPU
		{C593BBE4-F79F-4AB7-962D-7B5DBCE6375E}.Debug|ARM.Build.0 = Debug|Any CPU
		{C593BBE4-F79F-4AB7-962D-7B5DBCE6375E}.Debug|ARM64.ActiveCfg = Debug|Any CPU
		{C593BBE4-F79F-4AB7-962D-7B5DBCE6375E}.Debug|ARM64.Build.0 = Debug|Any CPU
		{C593BBE4-F79F-4AB7-962D-7B5DBCE6375E}.Debug|x64.ActiveCfg = Debug|Any CPU
		{C593BBE4-F79F-4AB7-962D-7B5DBCE6375E}.Debug|x64.Build.0 = Debug|Any CPU
		{C593BBE4-F79F-4AB7-962D-7B5DBCE6375E}.Debug|x86.ActiveCfg = Debug|Any CPU
		{C593BBE4-F79F-4AB7-962D-7B5DBCE6375E}.Debug|x86.Build.0 = Debug|Any CPU
		{C593BBE4-F79F-4AB7-962D-7B5DBCE6375E}.Release|Any CPU.ActiveCfg = Release|Any CPU
		{C593BBE4-F79F-4AB7-962D-7B5DBCE6375E}.Release|Any CPU.Build.0 = Release|Any CPU
		{C593BBE4-F79F-4AB7-962D-7B5DBCE6375E}.Release|ARM.ActiveCfg = Release|Any CPU
		{C593BBE4-F79F-4AB7-962D-7B5DBCE6375E}.Release|ARM.Build.0 = Release|Any CPU
		{C593BBE4-F79F-4AB7-962D-7B5DBCE6375E}.Release|ARM64.ActiveCfg = Release|Any CPU
		{C593BBE4-F79F-4AB7-962D-7B5DBCE6375E}.Release|ARM64.Build.0 = Release|Any CPU
		{C593BBE4-F79F-4AB7-962D-7B5DBCE6375E}.Release|x64.ActiveCfg = Release|Any CPU
		{C593BBE4-F79F-4AB7-962D-7B5DBCE6375E}.Release|x64.Build.0 = Release|Any CPU
		{C593BBE4-F79F-4AB7-962D-7B5DBCE6375E}.Release|x86.ActiveCfg = Release|Any CPU
		{C593BBE4-F79F-4AB7-962D-7B5DBCE6375E}.Release|x86.Build.0 = Release|Any CPU
		{5698A5D5-CF49-49C0-8F70-30EF828A99EE}.Debug|Any CPU.ActiveCfg = Debug
		{5698A5D5-CF49-49C0-8F70-30EF828A99EE}.Debug|ARM.ActiveCfg = Debug
		{5698A5D5-CF49-49C0-8F70-30EF828A99EE}.Debug|ARM64.ActiveCfg = Debug
		{5698A5D5-CF49-49C0-8F70-30EF828A99EE}.Debug|x64.ActiveCfg = Debug
		{5698A5D5-CF49-49C0-8F70-30EF828A99EE}.Debug|x86.ActiveCfg = Debug
		{5698A5D5-CF49-49C0-8F70-30EF828A99EE}.Release|Any CPU.ActiveCfg = Release
		{5698A5D5-CF49-49C0-8F70-30EF828A99EE}.Release|ARM.ActiveCfg = Release
		{5698A5D5-CF49-49C0-8F70-30EF828A99EE}.Release|ARM64.ActiveCfg = Release
		{5698A5D5-CF49-49C0-8F70-30EF828A99EE}.Release|x64.ActiveCfg = Release
		{5698A5D5-CF49-49C0-8F70-30EF828A99EE}.Release|x86.ActiveCfg = Release
		{0F66B2FF-523A-4FFD-9931-2EE7AF489E1C}.Debug|Any CPU.ActiveCfg = Debug|Any CPU
		{0F66B2FF-523A-4FFD-9931-2EE7AF489E1C}.Debug|Any CPU.Build.0 = Debug|Any CPU
		{0F66B2FF-523A-4FFD-9931-2EE7AF489E1C}.Debug|ARM.ActiveCfg = Debug|Any CPU
		{0F66B2FF-523A-4FFD-9931-2EE7AF489E1C}.Debug|ARM.Build.0 = Debug|Any CPU
		{0F66B2FF-523A-4FFD-9931-2EE7AF489E1C}.Debug|ARM64.ActiveCfg = Debug|Any CPU
		{0F66B2FF-523A-4FFD-9931-2EE7AF489E1C}.Debug|ARM64.Build.0 = Debug|Any CPU
		{0F66B2FF-523A-4FFD-9931-2EE7AF489E1C}.Debug|x64.ActiveCfg = Debug|Any CPU
		{0F66B2FF-523A-4FFD-9931-2EE7AF489E1C}.Debug|x64.Build.0 = Debug|Any CPU
		{0F66B2FF-523A-4FFD-9931-2EE7AF489E1C}.Debug|x86.ActiveCfg = Debug|Any CPU
		{0F66B2FF-523A-4FFD-9931-2EE7AF489E1C}.Debug|x86.Build.0 = Debug|Any CPU
		{0F66B2FF-523A-4FFD-9931-2EE7AF489E1C}.Release|Any CPU.ActiveCfg = Release|Any CPU
		{0F66B2FF-523A-4FFD-9931-2EE7AF489E1C}.Release|Any CPU.Build.0 = Release|Any CPU
		{0F66B2FF-523A-4FFD-9931-2EE7AF489E1C}.Release|ARM.ActiveCfg = Release|Any CPU
		{0F66B2FF-523A-4FFD-9931-2EE7AF489E1C}.Release|ARM.Build.0 = Release|Any CPU
		{0F66B2FF-523A-4FFD-9931-2EE7AF489E1C}.Release|ARM64.ActiveCfg = Release|Any CPU
		{0F66B2FF-523A-4FFD-9931-2EE7AF489E1C}.Release|ARM64.Build.0 = Release|Any CPU
		{0F66B2FF-523A-4FFD-9931-2EE7AF489E1C}.Release|x64.ActiveCfg = Release|Any CPU
		{0F66B2FF-523A-4FFD-9931-2EE7AF489E1C}.Release|x64.Build.0 = Release|Any CPU
		{0F66B2FF-523A-4FFD-9931-2EE7AF489E1C}.Release|x86.ActiveCfg = Release|Any CPU
		{0F66B2FF-523A-4FFD-9931-2EE7AF489E1C}.Release|x86.Build.0 = Release|Any CPU
		{61AF421F-6C46-419E-AC31-4036737E6C09}.Debug|Any CPU.ActiveCfg = Debug|x64
		{61AF421F-6C46-419E-AC31-4036737E6C09}.Debug|Any CPU.Build.0 = Debug|x64
		{61AF421F-6C46-419E-AC31-4036737E6C09}.Debug|ARM.ActiveCfg = Debug|x64
		{61AF421F-6C46-419E-AC31-4036737E6C09}.Debug|ARM.Build.0 = Debug|x64
		{61AF421F-6C46-419E-AC31-4036737E6C09}.Debug|ARM64.ActiveCfg = Debug|x64
		{61AF421F-6C46-419E-AC31-4036737E6C09}.Debug|ARM64.Build.0 = Debug|x64
		{61AF421F-6C46-419E-AC31-4036737E6C09}.Debug|x64.ActiveCfg = Debug|x64
		{61AF421F-6C46-419E-AC31-4036737E6C09}.Debug|x64.Build.0 = Debug|x64
		{61AF421F-6C46-419E-AC31-4036737E6C09}.Debug|x86.ActiveCfg = Debug|Win32
		{61AF421F-6C46-419E-AC31-4036737E6C09}.Debug|x86.Build.0 = Debug|Win32
		{61AF421F-6C46-419E-AC31-4036737E6C09}.Release|Any CPU.ActiveCfg = Release|x64
		{61AF421F-6C46-419E-AC31-4036737E6C09}.Release|Any CPU.Build.0 = Release|x64
		{61AF421F-6C46-419E-AC31-4036737E6C09}.Release|ARM.ActiveCfg = Release|x64
		{61AF421F-6C46-419E-AC31-4036737E6C09}.Release|ARM.Build.0 = Release|x64
		{61AF421F-6C46-419E-AC31-4036737E6C09}.Release|ARM64.ActiveCfg = Release|x64
		{61AF421F-6C46-419E-AC31-4036737E6C09}.Release|ARM64.Build.0 = Release|x64
		{61AF421F-6C46-419E-AC31-4036737E6C09}.Release|x64.ActiveCfg = Release|x64
		{61AF421F-6C46-419E-AC31-4036737E6C09}.Release|x64.Build.0 = Release|x64
		{61AF421F-6C46-419E-AC31-4036737E6C09}.Release|x86.ActiveCfg = Release|Win32
		{61AF421F-6C46-419E-AC31-4036737E6C09}.Release|x86.Build.0 = Release|Win32
		{A9C6DBAA-34E7-4AF5-A90C-4A3DA39E82D5}.Debug|Any CPU.ActiveCfg = Debug|Any CPU
		{A9C6DBAA-34E7-4AF5-A90C-4A3DA39E82D5}.Debug|Any CPU.Build.0 = Debug|Any CPU
		{A9C6DBAA-34E7-4AF5-A90C-4A3DA39E82D5}.Debug|ARM.ActiveCfg = Debug|Any CPU
		{A9C6DBAA-34E7-4AF5-A90C-4A3DA39E82D5}.Debug|ARM.Build.0 = Debug|Any CPU
		{A9C6DBAA-34E7-4AF5-A90C-4A3DA39E82D5}.Debug|ARM64.ActiveCfg = Debug|Any CPU
		{A9C6DBAA-34E7-4AF5-A90C-4A3DA39E82D5}.Debug|ARM64.Build.0 = Debug|Any CPU
		{A9C6DBAA-34E7-4AF5-A90C-4A3DA39E82D5}.Debug|x64.ActiveCfg = Debug|Any CPU
		{A9C6DBAA-34E7-4AF5-A90C-4A3DA39E82D5}.Debug|x64.Build.0 = Debug|Any CPU
		{A9C6DBAA-34E7-4AF5-A90C-4A3DA39E82D5}.Debug|x86.ActiveCfg = Debug|Any CPU
		{A9C6DBAA-34E7-4AF5-A90C-4A3DA39E82D5}.Debug|x86.Build.0 = Debug|Any CPU
		{A9C6DBAA-34E7-4AF5-A90C-4A3DA39E82D5}.Release|Any CPU.ActiveCfg = Release|Any CPU
		{A9C6DBAA-34E7-4AF5-A90C-4A3DA39E82D5}.Release|Any CPU.Build.0 = Release|Any CPU
		{A9C6DBAA-34E7-4AF5-A90C-4A3DA39E82D5}.Release|ARM.ActiveCfg = Release|Any CPU
		{A9C6DBAA-34E7-4AF5-A90C-4A3DA39E82D5}.Release|ARM.Build.0 = Release|Any CPU
		{A9C6DBAA-34E7-4AF5-A90C-4A3DA39E82D5}.Release|ARM64.ActiveCfg = Release|Any CPU
		{A9C6DBAA-34E7-4AF5-A90C-4A3DA39E82D5}.Release|ARM64.Build.0 = Release|Any CPU
		{A9C6DBAA-34E7-4AF5-A90C-4A3DA39E82D5}.Release|x64.ActiveCfg = Release|Any CPU
		{A9C6DBAA-34E7-4AF5-A90C-4A3DA39E82D5}.Release|x64.Build.0 = Release|Any CPU
		{A9C6DBAA-34E7-4AF5-A90C-4A3DA39E82D5}.Release|x86.ActiveCfg = Release|Any CPU
		{A9C6DBAA-34E7-4AF5-A90C-4A3DA39E82D5}.Release|x86.Build.0 = Release|Any CPU
		{61DAEC38-A2F3-49AB-A48B-5D99A6A456AA}.Debug|Any CPU.ActiveCfg = Debug|Any CPU
		{61DAEC38-A2F3-49AB-A48B-5D99A6A456AA}.Debug|Any CPU.Build.0 = Debug|Any CPU
		{61DAEC38-A2F3-49AB-A48B-5D99A6A456AA}.Debug|ARM.ActiveCfg = Debug|Any CPU
		{61DAEC38-A2F3-49AB-A48B-5D99A6A456AA}.Debug|ARM.Build.0 = Debug|Any CPU
		{61DAEC38-A2F3-49AB-A48B-5D99A6A456AA}.Debug|ARM64.ActiveCfg = Debug|Any CPU
		{61DAEC38-A2F3-49AB-A48B-5D99A6A456AA}.Debug|ARM64.Build.0 = Debug|Any CPU
		{61DAEC38-A2F3-49AB-A48B-5D99A6A456AA}.Debug|x64.ActiveCfg = Debug|Any CPU
		{61DAEC38-A2F3-49AB-A48B-5D99A6A456AA}.Debug|x64.Build.0 = Debug|Any CPU
		{61DAEC38-A2F3-49AB-A48B-5D99A6A456AA}.Debug|x86.ActiveCfg = Debug|Any CPU
		{61DAEC38-A2F3-49AB-A48B-5D99A6A456AA}.Debug|x86.Build.0 = Debug|Any CPU
		{61DAEC38-A2F3-49AB-A48B-5D99A6A456AA}.Release|Any CPU.ActiveCfg = Release|Any CPU
		{61DAEC38-A2F3-49AB-A48B-5D99A6A456AA}.Release|Any CPU.Build.0 = Release|Any CPU
		{61DAEC38-A2F3-49AB-A48B-5D99A6A456AA}.Release|ARM.ActiveCfg = Release|Any CPU
		{61DAEC38-A2F3-49AB-A48B-5D99A6A456AA}.Release|ARM.Build.0 = Release|Any CPU
		{61DAEC38-A2F3-49AB-A48B-5D99A6A456AA}.Release|ARM64.ActiveCfg = Release|Any CPU
		{61DAEC38-A2F3-49AB-A48B-5D99A6A456AA}.Release|ARM64.Build.0 = Release|Any CPU
		{61DAEC38-A2F3-49AB-A48B-5D99A6A456AA}.Release|x64.ActiveCfg = Release|Any CPU
		{61DAEC38-A2F3-49AB-A48B-5D99A6A456AA}.Release|x64.Build.0 = Release|Any CPU
		{61DAEC38-A2F3-49AB-A48B-5D99A6A456AA}.Release|x86.ActiveCfg = Release|Any CPU
		{61DAEC38-A2F3-49AB-A48B-5D99A6A456AA}.Release|x86.Build.0 = Release|Any CPU
	EndGlobalSection
	GlobalSection(SolutionProperties) = preSolution
		HideSolutionNode = FALSE
	EndGlobalSection
	GlobalSection(NestedProjects) = preSolution
		{D59D8B6E-D541-4F08-82D4-5586CBD3302D} = {FA1E886B-571B-4D0E-88D9-CF145BEA593D}
		{D266E5C0-832F-43DB-8FE7-D0F59ED17DE3} = {D59D8B6E-D541-4F08-82D4-5586CBD3302D}
		{C41F3898-67C6-4052-BAE0-31CADFE967D9} = {D266E5C0-832F-43DB-8FE7-D0F59ED17DE3}
		{C593BBE4-F79F-4AB7-962D-7B5DBCE6375E} = {C41F3898-67C6-4052-BAE0-31CADFE967D9}
		{5698A5D5-CF49-49C0-8F70-30EF828A99EE} = {C41F3898-67C6-4052-BAE0-31CADFE967D9}
		{2E286A32-ADF2-4FA7-BEB5-A9332CB04EA2} = {CB6F3276-B019-49DC-9B35-E5A8A8582B5E}
		{0F66B2FF-523A-4FFD-9931-2EE7AF489E1C} = {2E286A32-ADF2-4FA7-BEB5-A9332CB04EA2}
		{61AF421F-6C46-419E-AC31-4036737E6C09} = {0460DB5F-9356-42C4-80A6-97F26FE5507D}
		{4455DD5C-FC00-4CB6-9736-893994C41267} = {CB6F3276-B019-49DC-9B35-E5A8A8582B5E}
		{A9C6DBAA-34E7-4AF5-A90C-4A3DA39E82D5} = {4455DD5C-FC00-4CB6-9736-893994C41267}
		{61DAEC38-A2F3-49AB-A48B-5D99A6A456AA} = {4455DD5C-FC00-4CB6-9736-893994C41267}
	EndGlobalSection
	GlobalSection(ExtensibilityGlobals) = postSolution
		SolutionGuid = {4E068FE3-CFD0-4269-854B-F7CDE9B81E67}
	EndGlobalSection
EndGlobal
